
Microsoft Visual Studio Solution File, Format Version 12.00
# Visual Studio 15
VisualStudioVersion = 15.0.28107.0
MinimumVisualStudioVersion = 10.0.40219.1
Project("{FAE04EC0-301F-11D3-BF4B-00C04F79EFBC}") = "NativeSharp", "NativeSharp\NativeSharp.csproj", "{5DF1E1DD-A0B0-44F4-944C-A6F9A3C13544}"
EndProject
Global
	GlobalSection(SolutionConfigurationPlatforms) = preSolution
		Debug|Any CPU = Debug|Any CPU
		Release|Any CPU = Release|Any CPU
	EndGlobalSection
	GlobalSection(ProjectConfigurationPlatforms) = postSolution
		{5DF1E1DD-A0B0-44F4-944C-A6F9A3C13544}.Debug|Any CPU.ActiveCfg = Debug|Any CPU
		{5DF1E1DD-A0B0-44F4-944C-A6F9A3C13544}.Debug|Any CPU.Build.0 = Debug|Any CPU
		{5DF1E1DD-A0B0-44F4-944C-A6F9A3C13544}.Release|Any CPU.ActiveCfg = Release|Any CPU
		{5DF1E1DD-A0B0-44F4-944C-A6F9A3C13544}.Release|Any CPU.Build.0 = Release|Any CPU
	EndGlobalSection
	GlobalSection(SolutionProperties) = preSolution
		HideSolutionNode = FALSE
	EndGlobalSection
	GlobalSection(ExtensibilityGlobals) = postSolution
		SolutionGuid = {1B2D6C3C-7D11-4E95-91FA-8A1888F531EB}
	EndGlobalSection
EndGlobal
